
Microsoft Visual Studio Solution File, Format Version 12.00
# Visual Studio Version 17
VisualStudioVersion = 17.0.31903.59
MinimumVisualStudioVersion = 10.0.40219.1
Project("{2150E333-8FDC-42A3-9474-1A3956D46DE8}") = "Css", "Css", "{4BD4971D-DC08-4AA8-9B95-D695DBE318C8}"
EndProject
Project("{FAE04EC0-301F-11D3-BF4B-00C04F79EFBC}") = "WebScrap.Css", "Css\WebScrap.Css\WebScrap.Css.csproj", "{47E39299-72AD-4DD7-A3C3-0BEF418338FF}"
EndProject
Project("{FAE04EC0-301F-11D3-BF4B-00C04F79EFBC}") = "WebScrap.Css.Preprocessing", "Css\WebScrap.Css.Preprocessing\WebScrap.Css.Preprocessing.csproj", "{D005BEC2-D53D-416D-B3F5-85279B8C6908}"
EndProject
Project("{FAE04EC0-301F-11D3-BF4B-00C04F79EFBC}") = "WebScrap.Css.Matching", "Css\WebScrap.Css.Matching\WebScrap.Css.Matching.csproj", "{44C79A60-4BD9-4646-9320-761EAA2CEBC4}"
EndProject
Project("{2150E333-8FDC-42A3-9474-1A3956D46DE8}") = "Tags", "Tags", "{60E511EB-9890-4B08-9EDE-37D7D72845C9}"
EndProject
Project("{FAE04EC0-301F-11D3-BF4B-00C04F79EFBC}") = "WebScrap.Tags", "Tags\WebScrap.Tags\WebScrap.Tags.csproj", "{0ED2752D-E5EA-4BBB-B167-30CE5AB923E6}"
EndProject
Project("{2150E333-8FDC-42A3-9474-1A3956D46DE8}") = "Api", "Api", "{8888A557-D313-48C5-873A-A11535B7592E}"
EndProject
Project("{FAE04EC0-301F-11D3-BF4B-00C04F79EFBC}") = "WebScrap.API", "Api\WebScrap.API\WebScrap.API.csproj", "{D950F007-3050-4173-95AC-BB0F22F25C7D}"
EndProject
Project("{FAE04EC0-301F-11D3-BF4B-00C04F79EFBC}") = "WebScrap.API.Tests", "Api\WebScrap.API.Tests\WebScrap.API.Tests.csproj", "{64FCFB65-C953-4A84-A3E5-4308DAC53F98}"
EndProject
Project("{FAE04EC0-301F-11D3-BF4B-00C04F79EFBC}") = "WebScrap.API.KnownIssues.Tests", "Api\WebScrap.API.KnownIssues.Tests\WebScrap.API.KnownIssues.Tests.csproj", "{56F3F410-3A19-4681-A742-0369D1881A3C}"
EndProject
Global
	GlobalSection(SolutionConfigurationPlatforms) = preSolution
		Debug|Any CPU = Debug|Any CPU
		Release|Any CPU = Release|Any CPU
	EndGlobalSection
	GlobalSection(SolutionProperties) = preSolution
		HideSolutionNode = FALSE
	EndGlobalSection
	GlobalSection(ProjectConfigurationPlatforms) = postSolution
		{47E39299-72AD-4DD7-A3C3-0BEF418338FF}.Debug|Any CPU.ActiveCfg = Debug|Any CPU
		{47E39299-72AD-4DD7-A3C3-0BEF418338FF}.Debug|Any CPU.Build.0 = Debug|Any CPU
		{47E39299-72AD-4DD7-A3C3-0BEF418338FF}.Release|Any CPU.ActiveCfg = Release|Any CPU
		{47E39299-72AD-4DD7-A3C3-0BEF418338FF}.Release|Any CPU.Build.0 = Release|Any CPU
		{D005BEC2-D53D-416D-B3F5-85279B8C6908}.Debug|Any CPU.ActiveCfg = Debug|Any CPU
		{D005BEC2-D53D-416D-B3F5-85279B8C6908}.Debug|Any CPU.Build.0 = Debug|Any CPU
		{D005BEC2-D53D-416D-B3F5-85279B8C6908}.Release|Any CPU.ActiveCfg = Release|Any CPU
		{D005BEC2-D53D-416D-B3F5-85279B8C6908}.Release|Any CPU.Build.0 = Release|Any CPU
		{44C79A60-4BD9-4646-9320-761EAA2CEBC4}.Debug|Any CPU.ActiveCfg = Debug|Any CPU
		{44C79A60-4BD9-4646-9320-761EAA2CEBC4}.Debug|Any CPU.Build.0 = Debug|Any CPU
		{44C79A60-4BD9-4646-9320-761EAA2CEBC4}.Release|Any CPU.ActiveCfg = Release|Any CPU
		{44C79A60-4BD9-4646-9320-761EAA2CEBC4}.Release|Any CPU.Build.0 = Release|Any CPU
		{0ED2752D-E5EA-4BBB-B167-30CE5AB923E6}.Debug|Any CPU.ActiveCfg = Debug|Any CPU
		{0ED2752D-E5EA-4BBB-B167-30CE5AB923E6}.Debug|Any CPU.Build.0 = Debug|Any CPU
		{0ED2752D-E5EA-4BBB-B167-30CE5AB923E6}.Release|Any CPU.ActiveCfg = Release|Any CPU
		{0ED2752D-E5EA-4BBB-B167-30CE5AB923E6}.Release|Any CPU.Build.0 = Release|Any CPU
		{D950F007-3050-4173-95AC-BB0F22F25C7D}.Debug|Any CPU.ActiveCfg = Debug|Any CPU
		{D950F007-3050-4173-95AC-BB0F22F25C7D}.Debug|Any CPU.Build.0 = Debug|Any CPU
		{D950F007-3050-4173-95AC-BB0F22F25C7D}.Release|Any CPU.ActiveCfg = Release|Any CPU
		{D950F007-3050-4173-95AC-BB0F22F25C7D}.Release|Any CPU.Build.0 = Release|Any CPU
		{64FCFB65-C953-4A84-A3E5-4308DAC53F98}.Debug|Any CPU.ActiveCfg = Debug|Any CPU
		{64FCFB65-C953-4A84-A3E5-4308DAC53F98}.Debug|Any CPU.Build.0 = Debug|Any CPU
		{64FCFB65-C953-4A84-A3E5-4308DAC53F98}.Release|Any CPU.ActiveCfg = Release|Any CPU
		{64FCFB65-C953-4A84-A3E5-4308DAC53F98}.Release|Any CPU.Build.0 = Release|Any CPU
		{56F3F410-3A19-4681-A742-0369D1881A3C}.Debug|Any CPU.ActiveCfg = Debug|Any CPU
		{56F3F410-3A19-4681-A742-0369D1881A3C}.Debug|Any CPU.Build.0 = Debug|Any CPU
		{56F3F410-3A19-4681-A742-0369D1881A3C}.Release|Any CPU.ActiveCfg = Release|Any CPU
		{56F3F410-3A19-4681-A742-0369D1881A3C}.Release|Any CPU.Build.0 = Release|Any CPU
	EndGlobalSection
	GlobalSection(NestedProjects) = preSolution
		{47E39299-72AD-4DD7-A3C3-0BEF418338FF} = {4BD4971D-DC08-4AA8-9B95-D695DBE318C8}
		{D005BEC2-D53D-416D-B3F5-85279B8C6908} = {4BD4971D-DC08-4AA8-9B95-D695DBE318C8}
		{44C79A60-4BD9-4646-9320-761EAA2CEBC4} = {4BD4971D-DC08-4AA8-9B95-D695DBE318C8}
		{0ED2752D-E5EA-4BBB-B167-30CE5AB923E6} = {60E511EB-9890-4B08-9EDE-37D7D72845C9}
		{D950F007-3050-4173-95AC-BB0F22F25C7D} = {8888A557-D313-48C5-873A-A11535B7592E}
		{64FCFB65-C953-4A84-A3E5-4308DAC53F98} = {8888A557-D313-48C5-873A-A11535B7592E}
		{56F3F410-3A19-4681-A742-0369D1881A3C} = {8888A557-D313-48C5-873A-A11535B7592E}
	EndGlobalSection
EndGlobal
