
Microsoft Visual Studio Solution File, Format Version 12.00
# Visual Studio Version 17
VisualStudioVersion = 17.0.31903.59
MinimumVisualStudioVersion = 10.0.40219.1
Project("{2150E333-8FDC-42A3-9474-1A3956D46DE8}") = "Api", "Api", "{820D9947-0904-4507-8AE6-BABBBB70A961}"
EndProject
Project("{FAE04EC0-301F-11D3-BF4B-00C04F79EFBC}") = "WebScrap.API.KnownIssues.Tests", "Api\WebScrap.API.KnownIssues.Tests\WebScrap.API.KnownIssues.Tests.csproj", "{A14367C6-3B69-4E23-A0D5-E20834BCAF79}"
EndProject
Project("{FAE04EC0-301F-11D3-BF4B-00C04F79EFBC}") = "WebScrap.API.Tests", "Api\WebScrap.API.Tests\WebScrap.API.Tests.csproj", "{A6CFDD29-1753-4236-90E1-AEED6BEAB61C}"
EndProject
Project("{2150E333-8FDC-42A3-9474-1A3956D46DE8}") = "Css", "Css", "{B2A34746-3A61-4B6F-87C2-8DA0E527F120}"
EndProject
Project("{FAE04EC0-301F-11D3-BF4B-00C04F79EFBC}") = "WebScrap.Css.Tests", "Css\WebScrap.Css.Tests\WebScrap.Css.Tests.csproj", "{AD093BDF-B0EE-4EA4-887A-7C457796A1FA}"
EndProject
Project("{2150E333-8FDC-42A3-9474-1A3956D46DE8}") = "Tags", "Tags", "{9DA9D0B4-6F42-4E14-9764-6877FD26EA7C}"
EndProject
Project("{FAE04EC0-301F-11D3-BF4B-00C04F79EFBC}") = "WebScrap.Tags.Tests", "Tags\WebScrap.Tags.Tests\WebScrap.Tags.Tests.csproj", "{A6B2CF10-C3E9-488B-A322-38E13846AC73}"
EndProject
Project("{FAE04EC0-301F-11D3-BF4B-00C04F79EFBC}") = "WebScrap.Css.Preprocessing.Tests", "Css\WebScrap.Css.Preprocessing.Tests\WebScrap.Css.Preprocessing.Tests.csproj", "{E134337B-2A8A-45E3-A595-D5C375B1F1BB}"
EndProject
Global
	GlobalSection(SolutionConfigurationPlatforms) = preSolution
		Debug|Any CPU = Debug|Any CPU
		Release|Any CPU = Release|Any CPU
	EndGlobalSection
	GlobalSection(SolutionProperties) = preSolution
		HideSolutionNode = FALSE
	EndGlobalSection
	GlobalSection(ProjectConfigurationPlatforms) = postSolution
		{A14367C6-3B69-4E23-A0D5-E20834BCAF79}.Debug|Any CPU.ActiveCfg = Debug|Any CPU
		{A14367C6-3B69-4E23-A0D5-E20834BCAF79}.Debug|Any CPU.Build.0 = Debug|Any CPU
		{A14367C6-3B69-4E23-A0D5-E20834BCAF79}.Release|Any CPU.ActiveCfg = Release|Any CPU
		{A14367C6-3B69-4E23-A0D5-E20834BCAF79}.Release|Any CPU.Build.0 = Release|Any CPU
		{A6CFDD29-1753-4236-90E1-AEED6BEAB61C}.Debug|Any CPU.ActiveCfg = Debug|Any CPU
		{A6CFDD29-1753-4236-90E1-AEED6BEAB61C}.Debug|Any CPU.Build.0 = Debug|Any CPU
		{A6CFDD29-1753-4236-90E1-AEED6BEAB61C}.Release|Any CPU.ActiveCfg = Release|Any CPU
		{A6CFDD29-1753-4236-90E1-AEED6BEAB61C}.Release|Any CPU.Build.0 = Release|Any CPU
		{AD093BDF-B0EE-4EA4-887A-7C457796A1FA}.Debug|Any CPU.ActiveCfg = Debug|Any CPU
		{AD093BDF-B0EE-4EA4-887A-7C457796A1FA}.Debug|Any CPU.Build.0 = Debug|Any CPU
		{AD093BDF-B0EE-4EA4-887A-7C457796A1FA}.Release|Any CPU.ActiveCfg = Release|Any CPU
		{AD093BDF-B0EE-4EA4-887A-7C457796A1FA}.Release|Any CPU.Build.0 = Release|Any CPU
		{A6B2CF10-C3E9-488B-A322-38E13846AC73}.Debug|Any CPU.ActiveCfg = Debug|Any CPU
		{A6B2CF10-C3E9-488B-A322-38E13846AC73}.Debug|Any CPU.Build.0 = Debug|Any CPU
		{A6B2CF10-C3E9-488B-A322-38E13846AC73}.Release|Any CPU.ActiveCfg = Release|Any CPU
		{A6B2CF10-C3E9-488B-A322-38E13846AC73}.Release|Any CPU.Build.0 = Release|Any CPU
		{4CC9EB97-D0B4-4D46-B1CD-30AF4ACF57E6}.Debug|Any CPU.ActiveCfg = Debug|Any CPU
		{4CC9EB97-D0B4-4D46-B1CD-30AF4ACF57E6}.Debug|Any CPU.Build.0 = Debug|Any CPU
		{4CC9EB97-D0B4-4D46-B1CD-30AF4ACF57E6}.Release|Any CPU.ActiveCfg = Release|Any CPU
		{4CC9EB97-D0B4-4D46-B1CD-30AF4ACF57E6}.Release|Any CPU.Build.0 = Release|Any CPU
		{E134337B-2A8A-45E3-A595-D5C375B1F1BB}.Debug|Any CPU.ActiveCfg = Debug|Any CPU
		{E134337B-2A8A-45E3-A595-D5C375B1F1BB}.Debug|Any CPU.Build.0 = Debug|Any CPU
		{E134337B-2A8A-45E3-A595-D5C375B1F1BB}.Release|Any CPU.ActiveCfg = Release|Any CPU
		{E134337B-2A8A-45E3-A595-D5C375B1F1BB}.Release|Any CPU.Build.0 = Release|Any CPU
	EndGlobalSection
	GlobalSection(NestedProjects) = preSolution
		{A14367C6-3B69-4E23-A0D5-E20834BCAF79} = {820D9947-0904-4507-8AE6-BABBBB70A961}
		{A6CFDD29-1753-4236-90E1-AEED6BEAB61C} = {820D9947-0904-4507-8AE6-BABBBB70A961}
		{AD093BDF-B0EE-4EA4-887A-7C457796A1FA} = {B2A34746-3A61-4B6F-87C2-8DA0E527F120}
		{A6B2CF10-C3E9-488B-A322-38E13846AC73} = {9DA9D0B4-6F42-4E14-9764-6877FD26EA7C}
		{E134337B-2A8A-45E3-A595-D5C375B1F1BB} = {B2A34746-3A61-4B6F-87C2-8DA0E527F120}
	EndGlobalSection
EndGlobal
