
Microsoft Visual Studio Solution File, Format Version 12.00
# Visual Studio Version 17
VisualStudioVersion = 17.0.31903.59
MinimumVisualStudioVersion = 10.0.40219.1
Project("{2150E333-8FDC-42A3-9474-1A3956D46DE8}") = "Css", "Css", "{4BD4971D-DC08-4AA8-9B95-D695DBE318C8}"
EndProject
Project("{FAE04EC0-301F-11D3-BF4B-00C04F79EFBC}") = "WebScrap.Css", "Css\WebScrap.Css\WebScrap.Css.csproj", "{47E39299-72AD-4DD7-A3C3-0BEF418338FF}"
EndProject
Project("{FAE04EC0-301F-11D3-BF4B-00C04F79EFBC}") = "WebScrap.Css.Preprocessing", "Css\WebScrap.Css.Preprocessing\WebScrap.Css.Preprocessing.csproj", "{D005BEC2-D53D-416D-B3F5-85279B8C6908}"
EndProject
Project("{FAE04EC0-301F-11D3-BF4B-00C04F79EFBC}") = "WebScrap.Css.Matching", "Css\WebScrap.Css.Matching\WebScrap.Css.Matching.csproj", "{44C79A60-4BD9-4646-9320-761EAA2CEBC4}"
EndProject
Project("{2150E333-8FDC-42A3-9474-1A3956D46DE8}") = "Core.Tags", "Core.Tags", "{60E511EB-9890-4B08-9EDE-37D7D72845C9}"
EndProject
Project("{FAE04EC0-301F-11D3-BF4B-00C04F79EFBC}") = "WebScrap.Core.Tags", "Core.Tags\WebScrap.Core.Tags\WebScrap.Core.Tags.csproj", "{0ED2752D-E5EA-4BBB-B167-30CE5AB923E6}"
EndProject
Project("{2150E333-8FDC-42A3-9474-1A3956D46DE8}") = "Api", "Api", "{8888A557-D313-48C5-873A-A11535B7592E}"
EndProject
Project("{FAE04EC0-301F-11D3-BF4B-00C04F79EFBC}") = "WebScrap.API", "Api\WebScrap.API\WebScrap.API.csproj", "{D950F007-3050-4173-95AC-BB0F22F25C7D}"
EndProject
Project("{FAE04EC0-301F-11D3-BF4B-00C04F79EFBC}") = "WebScrap.API.Tests", "Api\WebScrap.API.Tests\WebScrap.API.Tests.csproj", "{64FCFB65-C953-4A84-A3E5-4308DAC53F98}"
EndProject
Project("{FAE04EC0-301F-11D3-BF4B-00C04F79EFBC}") = "WebScrap.API.KnownIssues.Tests", "Api\WebScrap.API.KnownIssues.Tests\WebScrap.API.KnownIssues.Tests.csproj", "{56F3F410-3A19-4681-A742-0369D1881A3C}"
EndProject
Project("{2150E333-8FDC-42A3-9474-1A3956D46DE8}") = "Html", "Html", "{72801D44-0C37-4F15-9B48-AA61B590C01A}"
EndProject
Project("{2150E333-8FDC-42A3-9474-1A3956D46DE8}") = "Tests", "Tests", "{ECE5664E-4169-4EE0-A624-2230A079CDD2}"
EndProject
Project("{FAE04EC0-301F-11D3-BF4B-00C04F79EFBC}") = "WebScrap.Html.Extracting.Tests", "Html\Tests\WebScrap.Html.Extracting.Tests\WebScrap.Html.Extracting.Tests.csproj", "{4FBD673A-CA9B-41B4-BAEF-579267259972}"
EndProject
Project("{2150E333-8FDC-42A3-9474-1A3956D46DE8}") = "Export", "Export", "{54B49A74-2860-4FC4-BBAB-2CD7C62AD779}"
EndProject
Project("{2150E333-8FDC-42A3-9474-1A3956D46DE8}") = "Csv", "Csv", "{FDE6B696-D273-41C7-9DCA-490818260693}"
EndProject
Project("{FAE04EC0-301F-11D3-BF4B-00C04F79EFBC}") = "WebScrap.Export.Csv.Tests", "Export\Csv\WebScrap.Export.Csv.Tests\WebScrap.Export.Csv.Tests.csproj", "{DBFBB27B-837D-4AFA-92B5-08B9B5B70415}"
EndProject
Global
	GlobalSection(SolutionConfigurationPlatforms) = preSolution
		Debug|Any CPU = Debug|Any CPU
		Release|Any CPU = Release|Any CPU
	EndGlobalSection
	GlobalSection(SolutionProperties) = preSolution
		HideSolutionNode = FALSE
	EndGlobalSection
	GlobalSection(ProjectConfigurationPlatforms) = postSolution
		{47E39299-72AD-4DD7-A3C3-0BEF418338FF}.Debug|Any CPU.ActiveCfg = Debug|Any CPU
		{47E39299-72AD-4DD7-A3C3-0BEF418338FF}.Debug|Any CPU.Build.0 = Debug|Any CPU
		{47E39299-72AD-4DD7-A3C3-0BEF418338FF}.Release|Any CPU.ActiveCfg = Release|Any CPU
		{47E39299-72AD-4DD7-A3C3-0BEF418338FF}.Release|Any CPU.Build.0 = Release|Any CPU
		{D005BEC2-D53D-416D-B3F5-85279B8C6908}.Debug|Any CPU.ActiveCfg = Debug|Any CPU
		{D005BEC2-D53D-416D-B3F5-85279B8C6908}.Debug|Any CPU.Build.0 = Debug|Any CPU
		{D005BEC2-D53D-416D-B3F5-85279B8C6908}.Release|Any CPU.ActiveCfg = Release|Any CPU
		{D005BEC2-D53D-416D-B3F5-85279B8C6908}.Release|Any CPU.Build.0 = Release|Any CPU
		{44C79A60-4BD9-4646-9320-761EAA2CEBC4}.Debug|Any CPU.ActiveCfg = Debug|Any CPU
		{44C79A60-4BD9-4646-9320-761EAA2CEBC4}.Debug|Any CPU.Build.0 = Debug|Any CPU
		{44C79A60-4BD9-4646-9320-761EAA2CEBC4}.Release|Any CPU.ActiveCfg = Release|Any CPU
		{44C79A60-4BD9-4646-9320-761EAA2CEBC4}.Release|Any CPU.Build.0 = Release|Any CPU
		{0ED2752D-E5EA-4BBB-B167-30CE5AB923E6}.Debug|Any CPU.ActiveCfg = Debug|Any CPU
		{0ED2752D-E5EA-4BBB-B167-30CE5AB923E6}.Debug|Any CPU.Build.0 = Debug|Any CPU
		{0ED2752D-E5EA-4BBB-B167-30CE5AB923E6}.Release|Any CPU.ActiveCfg = Release|Any CPU
		{0ED2752D-E5EA-4BBB-B167-30CE5AB923E6}.Release|Any CPU.Build.0 = Release|Any CPU
		{D950F007-3050-4173-95AC-BB0F22F25C7D}.Debug|Any CPU.ActiveCfg = Debug|Any CPU
		{D950F007-3050-4173-95AC-BB0F22F25C7D}.Debug|Any CPU.Build.0 = Debug|Any CPU
		{D950F007-3050-4173-95AC-BB0F22F25C7D}.Release|Any CPU.ActiveCfg = Release|Any CPU
		{D950F007-3050-4173-95AC-BB0F22F25C7D}.Release|Any CPU.Build.0 = Release|Any CPU
		{64FCFB65-C953-4A84-A3E5-4308DAC53F98}.Debug|Any CPU.ActiveCfg = Debug|Any CPU
		{64FCFB65-C953-4A84-A3E5-4308DAC53F98}.Debug|Any CPU.Build.0 = Debug|Any CPU
		{64FCFB65-C953-4A84-A3E5-4308DAC53F98}.Release|Any CPU.ActiveCfg = Release|Any CPU
		{64FCFB65-C953-4A84-A3E5-4308DAC53F98}.Release|Any CPU.Build.0 = Release|Any CPU
		{56F3F410-3A19-4681-A742-0369D1881A3C}.Debug|Any CPU.ActiveCfg = Debug|Any CPU
		{56F3F410-3A19-4681-A742-0369D1881A3C}.Debug|Any CPU.Build.0 = Debug|Any CPU
		{56F3F410-3A19-4681-A742-0369D1881A3C}.Release|Any CPU.ActiveCfg = Release|Any CPU
		{56F3F410-3A19-4681-A742-0369D1881A3C}.Release|Any CPU.Build.0 = Release|Any CPU
		{4FBD673A-CA9B-41B4-BAEF-579267259972}.Debug|Any CPU.ActiveCfg = Debug|Any CPU
		{4FBD673A-CA9B-41B4-BAEF-579267259972}.Debug|Any CPU.Build.0 = Debug|Any CPU
		{4FBD673A-CA9B-41B4-BAEF-579267259972}.Release|Any CPU.ActiveCfg = Release|Any CPU
		{4FBD673A-CA9B-41B4-BAEF-579267259972}.Release|Any CPU.Build.0 = Release|Any CPU
		{DBFBB27B-837D-4AFA-92B5-08B9B5B70415}.Debug|Any CPU.ActiveCfg = Debug|Any CPU
		{DBFBB27B-837D-4AFA-92B5-08B9B5B70415}.Debug|Any CPU.Build.0 = Debug|Any CPU
		{DBFBB27B-837D-4AFA-92B5-08B9B5B70415}.Release|Any CPU.ActiveCfg = Release|Any CPU
		{DBFBB27B-837D-4AFA-92B5-08B9B5B70415}.Release|Any CPU.Build.0 = Release|Any CPU
	EndGlobalSection
	GlobalSection(NestedProjects) = preSolution
		{47E39299-72AD-4DD7-A3C3-0BEF418338FF} = {4BD4971D-DC08-4AA8-9B95-D695DBE318C8}
		{D005BEC2-D53D-416D-B3F5-85279B8C6908} = {4BD4971D-DC08-4AA8-9B95-D695DBE318C8}
		{44C79A60-4BD9-4646-9320-761EAA2CEBC4} = {4BD4971D-DC08-4AA8-9B95-D695DBE318C8}
		{0ED2752D-E5EA-4BBB-B167-30CE5AB923E6} = {60E511EB-9890-4B08-9EDE-37D7D72845C9}
		{D950F007-3050-4173-95AC-BB0F22F25C7D} = {8888A557-D313-48C5-873A-A11535B7592E}
		{64FCFB65-C953-4A84-A3E5-4308DAC53F98} = {8888A557-D313-48C5-873A-A11535B7592E}
		{56F3F410-3A19-4681-A742-0369D1881A3C} = {8888A557-D313-48C5-873A-A11535B7592E}
		{ECE5664E-4169-4EE0-A624-2230A079CDD2} = {72801D44-0C37-4F15-9B48-AA61B590C01A}
		{4FBD673A-CA9B-41B4-BAEF-579267259972} = {ECE5664E-4169-4EE0-A624-2230A079CDD2}
		{FDE6B696-D273-41C7-9DCA-490818260693} = {54B49A74-2860-4FC4-BBAB-2CD7C62AD779}
		{DBFBB27B-837D-4AFA-92B5-08B9B5B70415} = {FDE6B696-D273-41C7-9DCA-490818260693}
	EndGlobalSection
EndGlobal
