
Microsoft Visual Studio Solution File, Format Version 12.00
# Visual Studio Version 17
VisualStudioVersion = 17.5.002.0
MinimumVisualStudioVersion = 10.0.40219.1
Project("{9A19103F-16F7-4668-BE54-9A1E7A4F7556}") = "Core.Tests", "Core.Tests.csproj", "{EC5699BB-10D1-4DFA-8167-7121E497EB36}"
EndProject
Global
	GlobalSection(SolutionConfigurationPlatforms) = preSolution
		Debug|Any CPU = Debug|Any CPU
		Release|Any CPU = Release|Any CPU
	EndGlobalSection
	GlobalSection(ProjectConfigurationPlatforms) = postSolution
		{EC5699BB-10D1-4DFA-8167-7121E497EB36}.Debug|Any CPU.ActiveCfg = Debug|Any CPU
		{EC5699BB-10D1-4DFA-8167-7121E497EB36}.Debug|Any CPU.Build.0 = Debug|Any CPU
		{EC5699BB-10D1-4DFA-8167-7121E497EB36}.Release|Any CPU.ActiveCfg = Release|Any CPU
		{EC5699BB-10D1-4DFA-8167-7121E497EB36}.Release|Any CPU.Build.0 = Release|Any CPU
	EndGlobalSection
	GlobalSection(SolutionProperties) = preSolution
		HideSolutionNode = FALSE
	EndGlobalSection
	GlobalSection(ExtensibilityGlobals) = postSolution
		SolutionGuid = {9B1D61BB-AFAD-4C7D-9292-64202E961B64}
	EndGlobalSection
EndGlobal
