
Microsoft Visual Studio Solution File, Format Version 12.00
# Visual Studio Version 17
VisualStudioVersion = 17.0.31903.59
MinimumVisualStudioVersion = 10.0.40219.1
Project("{FAE04EC0-301F-11D3-BF4B-00C04F79EFBC}") = "WebScrap.Export.Csv", "WebScrap.Export.Csv\WebScrap.Export.Csv.csproj", "{AEB0C089-1061-407E-98DE-321A2D86AFBA}"
EndProject
Project("{FAE04EC0-301F-11D3-BF4B-00C04F79EFBC}") = "WebScrap.Export.Csv.Tests", "WebScrap.Export.Csv.Tests\WebScrap.Export.Csv.Tests.csproj", "{711C1F9B-CD22-42FE-97B5-5907EA93517A}"
EndProject
Global
	GlobalSection(SolutionConfigurationPlatforms) = preSolution
		Debug|Any CPU = Debug|Any CPU
		Release|Any CPU = Release|Any CPU
	EndGlobalSection
	GlobalSection(SolutionProperties) = preSolution
		HideSolutionNode = FALSE
	EndGlobalSection
	GlobalSection(ProjectConfigurationPlatforms) = postSolution
		{AEB0C089-1061-407E-98DE-321A2D86AFBA}.Debug|Any CPU.ActiveCfg = Debug|Any CPU
		{AEB0C089-1061-407E-98DE-321A2D86AFBA}.Debug|Any CPU.Build.0 = Debug|Any CPU
		{AEB0C089-1061-407E-98DE-321A2D86AFBA}.Release|Any CPU.ActiveCfg = Release|Any CPU
		{AEB0C089-1061-407E-98DE-321A2D86AFBA}.Release|Any CPU.Build.0 = Release|Any CPU
		{711C1F9B-CD22-42FE-97B5-5907EA93517A}.Debug|Any CPU.ActiveCfg = Debug|Any CPU
		{711C1F9B-CD22-42FE-97B5-5907EA93517A}.Debug|Any CPU.Build.0 = Debug|Any CPU
		{711C1F9B-CD22-42FE-97B5-5907EA93517A}.Release|Any CPU.ActiveCfg = Release|Any CPU
		{711C1F9B-CD22-42FE-97B5-5907EA93517A}.Release|Any CPU.Build.0 = Release|Any CPU
	EndGlobalSection
EndGlobal
