
Microsoft Visual Studio Solution File, Format Version 12.00
# Visual Studio Version 17
VisualStudioVersion = 17.5.002.0
MinimumVisualStudioVersion = 10.0.40219.1
Project("{9A19103F-16F7-4668-BE54-9A1E7A4F7556}") = "WebScrap.Css.Matching.Tests", "WebScrap.Css.Matching.Tests\WebScrap.Css.Matching.Tests.csproj", "{920108F8-EBA7-4DE9-ADBC-2A8A4717EB29}"
EndProject
Project("{9A19103F-16F7-4668-BE54-9A1E7A4F7556}") = "WebScrap.Css.Preprocessing.Tests", "WebScrap.Css.Preprocessing.Tests\WebScrap.Css.Preprocessing.Tests.csproj", "{1ED10A80-FD72-41EB-8065-B95438DE8503}"
EndProject
Project("{9A19103F-16F7-4668-BE54-9A1E7A4F7556}") = "WebScrap.Css.Tests", "WebScrap.Css.Tests\WebScrap.Css.Tests.csproj", "{BD658C66-3B88-4BF2-8600-793C802EFEC6}"
EndProject
Global
	GlobalSection(SolutionConfigurationPlatforms) = preSolution
		Debug|Any CPU = Debug|Any CPU
		Release|Any CPU = Release|Any CPU
	EndGlobalSection
	GlobalSection(ProjectConfigurationPlatforms) = postSolution
		{920108F8-EBA7-4DE9-ADBC-2A8A4717EB29}.Debug|Any CPU.ActiveCfg = Debug|Any CPU
		{920108F8-EBA7-4DE9-ADBC-2A8A4717EB29}.Debug|Any CPU.Build.0 = Debug|Any CPU
		{920108F8-EBA7-4DE9-ADBC-2A8A4717EB29}.Release|Any CPU.ActiveCfg = Release|Any CPU
		{920108F8-EBA7-4DE9-ADBC-2A8A4717EB29}.Release|Any CPU.Build.0 = Release|Any CPU
		{1ED10A80-FD72-41EB-8065-B95438DE8503}.Debug|Any CPU.ActiveCfg = Debug|Any CPU
		{1ED10A80-FD72-41EB-8065-B95438DE8503}.Debug|Any CPU.Build.0 = Debug|Any CPU
		{1ED10A80-FD72-41EB-8065-B95438DE8503}.Release|Any CPU.ActiveCfg = Release|Any CPU
		{1ED10A80-FD72-41EB-8065-B95438DE8503}.Release|Any CPU.Build.0 = Release|Any CPU
		{BD658C66-3B88-4BF2-8600-793C802EFEC6}.Debug|Any CPU.ActiveCfg = Debug|Any CPU
		{BD658C66-3B88-4BF2-8600-793C802EFEC6}.Debug|Any CPU.Build.0 = Debug|Any CPU
		{BD658C66-3B88-4BF2-8600-793C802EFEC6}.Release|Any CPU.ActiveCfg = Release|Any CPU
		{BD658C66-3B88-4BF2-8600-793C802EFEC6}.Release|Any CPU.Build.0 = Release|Any CPU
	EndGlobalSection
	GlobalSection(SolutionProperties) = preSolution
		HideSolutionNode = FALSE
	EndGlobalSection
	GlobalSection(ExtensibilityGlobals) = postSolution
		SolutionGuid = {BE46A5EB-79F0-4137-A336-AE2D29DD20AD}
	EndGlobalSection
EndGlobal
