
Microsoft Visual Studio Solution File, Format Version 12.00
# Visual Studio Version 17
VisualStudioVersion = 17.5.002.0
MinimumVisualStudioVersion = 10.0.40219.1
Project("{9A19103F-16F7-4668-BE54-9A1E7A4F7556}") = "WebScrap.Modules.Extracting.Html", "WebScrap.Modules.Extracting.Html\WebScrap.Modules.Extracting.Html.csproj", "{7F6CE9AB-8AE9-4E52-ABC5-271780D04CB8}"
EndProject
Project("{9A19103F-16F7-4668-BE54-9A1E7A4F7556}") = "WebScrap.Modules.Extracting.Html.Tests", "WebScrap.Modules.Extracting.Html.Tests\WebScrap.Modules.Extracting.Html.Tests.csproj", "{719500A4-E351-4006-A020-3C16E92CACC8}"
EndProject
Global
	GlobalSection(SolutionConfigurationPlatforms) = preSolution
		Debug|Any CPU = Debug|Any CPU
		Release|Any CPU = Release|Any CPU
	EndGlobalSection
	GlobalSection(ProjectConfigurationPlatforms) = postSolution
		{7F6CE9AB-8AE9-4E52-ABC5-271780D04CB8}.Debug|Any CPU.ActiveCfg = Debug|Any CPU
		{7F6CE9AB-8AE9-4E52-ABC5-271780D04CB8}.Debug|Any CPU.Build.0 = Debug|Any CPU
		{7F6CE9AB-8AE9-4E52-ABC5-271780D04CB8}.Release|Any CPU.ActiveCfg = Release|Any CPU
		{7F6CE9AB-8AE9-4E52-ABC5-271780D04CB8}.Release|Any CPU.Build.0 = Release|Any CPU
		{719500A4-E351-4006-A020-3C16E92CACC8}.Debug|Any CPU.ActiveCfg = Debug|Any CPU
		{719500A4-E351-4006-A020-3C16E92CACC8}.Debug|Any CPU.Build.0 = Debug|Any CPU
		{719500A4-E351-4006-A020-3C16E92CACC8}.Release|Any CPU.ActiveCfg = Release|Any CPU
		{719500A4-E351-4006-A020-3C16E92CACC8}.Release|Any CPU.Build.0 = Release|Any CPU
	EndGlobalSection
	GlobalSection(SolutionProperties) = preSolution
		HideSolutionNode = FALSE
	EndGlobalSection
	GlobalSection(ExtensibilityGlobals) = postSolution
		SolutionGuid = {60D723CF-60AA-4270-AEC7-9301A3B0972F}
	EndGlobalSection
EndGlobal
