
Microsoft Visual Studio Solution File, Format Version 12.00
# Visual Studio Version 17
VisualStudioVersion = 17.0.31903.59
MinimumVisualStudioVersion = 10.0.40219.1
Project("{FAE04EC0-301F-11D3-BF4B-00C04F79EFBC}") = "WebScrap.API", "WebScrap.API\WebScrap.API.csproj", "{39CC9E55-3822-4340-AC70-1D08E2FDFB89}"
EndProject
Project("{FAE04EC0-301F-11D3-BF4B-00C04F79EFBC}") = "WebScrap.API.Tests", "WebScrap.API.Tests\WebScrap.API.Tests.csproj", "{4801D25E-4687-4953-BEF4-79F3755B5390}"
EndProject
Global
	GlobalSection(SolutionConfigurationPlatforms) = preSolution
		Debug|Any CPU = Debug|Any CPU
		Release|Any CPU = Release|Any CPU
	EndGlobalSection
	GlobalSection(SolutionProperties) = preSolution
		HideSolutionNode = FALSE
	EndGlobalSection
	GlobalSection(ProjectConfigurationPlatforms) = postSolution
		{39CC9E55-3822-4340-AC70-1D08E2FDFB89}.Debug|Any CPU.ActiveCfg = Debug|Any CPU
		{39CC9E55-3822-4340-AC70-1D08E2FDFB89}.Debug|Any CPU.Build.0 = Debug|Any CPU
		{39CC9E55-3822-4340-AC70-1D08E2FDFB89}.Release|Any CPU.ActiveCfg = Release|Any CPU
		{39CC9E55-3822-4340-AC70-1D08E2FDFB89}.Release|Any CPU.Build.0 = Release|Any CPU
		{4801D25E-4687-4953-BEF4-79F3755B5390}.Debug|Any CPU.ActiveCfg = Debug|Any CPU
		{4801D25E-4687-4953-BEF4-79F3755B5390}.Debug|Any CPU.Build.0 = Debug|Any CPU
		{4801D25E-4687-4953-BEF4-79F3755B5390}.Release|Any CPU.ActiveCfg = Release|Any CPU
		{4801D25E-4687-4953-BEF4-79F3755B5390}.Release|Any CPU.Build.0 = Release|Any CPU
	EndGlobalSection
EndGlobal
